{
  "name": "@gkoreli/agentport",
  "version": "0.1.5",
  "lockfileVersion": 3,
  "requires": true,
  "packages": {
    "": {
      "name": "@gkoreli/agentport",
      "version": "0.1.5",
      "license": "Apache-2.0",
      "bin": {
        "agentport": "dist/main.js"
      },
      "engines": {
        "node": ">=20"
      }
    }
  }
}
